
Microsoft Visual Studio Solution File, Format Version 12.00
Project("{F2A71F9B-5D33-465A-A702-920D77279786}") = "Problem1", "Problem1\Problem1.fsproj", "{C4B5E504-8674-4CDF-A222-D0F17EDBC4EA}"
EndProject
Project("{F2A71F9B-5D33-465A-A702-920D77279786}") = "Problem2", "Problem2\Problem2.fsproj", "{2246EAFD-739A-4B54-AF93-BFDFDC6F9555}"
EndProject
Project("{F2A71F9B-5D33-465A-A702-920D77279786}") = "Problem3", "Problem3\Problem3.fsproj", "{E14D3F58-F0E3-4A1D-8A79-FD1192B7DF77}"
EndProject
Project("{F2A71F9B-5D33-465A-A702-920D77279786}") = "Common", "Common\Common.fsproj", "{BE647483-9CAD-44DF-8906-5FECA5C76FF8}"
EndProject
Project("{F2A71F9B-5D33-465A-A702-920D77279786}") = "Problem4", "Problem4\Problem4.fsproj", "{44E1DA98-1FC6-497C-91ED-E683E9E993CE}"
EndProject
Project("{F2A71F9B-5D33-465A-A702-920D77279786}") = "Problem5", "Problem5\Problem5.fsproj", "{49278327-51C2-497E-A204-F38FEC9E5116}"
EndProject
Project("{F2A71F9B-5D33-465A-A702-920D77279786}") = "Problem6", "Problem6\Problem6.fsproj", "{DE855880-BFAC-4643-8BC9-CA707A02AF78}"
EndProject
Project("{F2A71F9B-5D33-465A-A702-920D77279786}") = "Problem7", "Problem7\Problem7.fsproj", "{83AE8F0D-847A-4A7A-AD92-9A07EA1237D1}"
EndProject
Project("{F2A71F9B-5D33-465A-A702-920D77279786}") = "Problem8", "Problem8\Problem8.fsproj", "{BC1AF3CD-3417-4614-91A0-5FF165B27272}"
EndProject
Global
	GlobalSection(SolutionConfigurationPlatforms) = preSolution
		Debug|Any CPU = Debug|Any CPU
		Release|Any CPU = Release|Any CPU
	EndGlobalSection
	GlobalSection(ProjectConfigurationPlatforms) = postSolution
		{C4B5E504-8674-4CDF-A222-D0F17EDBC4EA}.Debug|Any CPU.ActiveCfg = Debug|Any CPU
		{C4B5E504-8674-4CDF-A222-D0F17EDBC4EA}.Debug|Any CPU.Build.0 = Debug|Any CPU
		{C4B5E504-8674-4CDF-A222-D0F17EDBC4EA}.Release|Any CPU.ActiveCfg = Release|Any CPU
		{C4B5E504-8674-4CDF-A222-D0F17EDBC4EA}.Release|Any CPU.Build.0 = Release|Any CPU
		{2246EAFD-739A-4B54-AF93-BFDFDC6F9555}.Debug|Any CPU.ActiveCfg = Debug|Any CPU
		{2246EAFD-739A-4B54-AF93-BFDFDC6F9555}.Debug|Any CPU.Build.0 = Debug|Any CPU
		{2246EAFD-739A-4B54-AF93-BFDFDC6F9555}.Release|Any CPU.ActiveCfg = Release|Any CPU
		{2246EAFD-739A-4B54-AF93-BFDFDC6F9555}.Release|Any CPU.Build.0 = Release|Any CPU
		{E14D3F58-F0E3-4A1D-8A79-FD1192B7DF77}.Debug|Any CPU.ActiveCfg = Debug|Any CPU
		{E14D3F58-F0E3-4A1D-8A79-FD1192B7DF77}.Debug|Any CPU.Build.0 = Debug|Any CPU
		{E14D3F58-F0E3-4A1D-8A79-FD1192B7DF77}.Release|Any CPU.ActiveCfg = Release|Any CPU
		{E14D3F58-F0E3-4A1D-8A79-FD1192B7DF77}.Release|Any CPU.Build.0 = Release|Any CPU
		{BE647483-9CAD-44DF-8906-5FECA5C76FF8}.Debug|Any CPU.ActiveCfg = Debug|Any CPU
		{BE647483-9CAD-44DF-8906-5FECA5C76FF8}.Debug|Any CPU.Build.0 = Debug|Any CPU
		{BE647483-9CAD-44DF-8906-5FECA5C76FF8}.Release|Any CPU.ActiveCfg = Release|Any CPU
		{BE647483-9CAD-44DF-8906-5FECA5C76FF8}.Release|Any CPU.Build.0 = Release|Any CPU
		{44E1DA98-1FC6-497C-91ED-E683E9E993CE}.Debug|Any CPU.ActiveCfg = Debug|Any CPU
		{44E1DA98-1FC6-497C-91ED-E683E9E993CE}.Debug|Any CPU.Build.0 = Debug|Any CPU
		{44E1DA98-1FC6-497C-91ED-E683E9E993CE}.Release|Any CPU.ActiveCfg = Release|Any CPU
		{44E1DA98-1FC6-497C-91ED-E683E9E993CE}.Release|Any CPU.Build.0 = Release|Any CPU
		{49278327-51C2-497E-A204-F38FEC9E5116}.Debug|Any CPU.ActiveCfg = Debug|Any CPU
		{49278327-51C2-497E-A204-F38FEC9E5116}.Debug|Any CPU.Build.0 = Debug|Any CPU
		{49278327-51C2-497E-A204-F38FEC9E5116}.Release|Any CPU.ActiveCfg = Release|Any CPU
		{49278327-51C2-497E-A204-F38FEC9E5116}.Release|Any CPU.Build.0 = Release|Any CPU
		{DE855880-BFAC-4643-8BC9-CA707A02AF78}.Debug|Any CPU.ActiveCfg = Debug|Any CPU
		{DE855880-BFAC-4643-8BC9-CA707A02AF78}.Debug|Any CPU.Build.0 = Debug|Any CPU
		{DE855880-BFAC-4643-8BC9-CA707A02AF78}.Release|Any CPU.ActiveCfg = Release|Any CPU
		{DE855880-BFAC-4643-8BC9-CA707A02AF78}.Release|Any CPU.Build.0 = Release|Any CPU
		{83AE8F0D-847A-4A7A-AD92-9A07EA1237D1}.Debug|Any CPU.ActiveCfg = Debug|Any CPU
		{83AE8F0D-847A-4A7A-AD92-9A07EA1237D1}.Debug|Any CPU.Build.0 = Debug|Any CPU
		{83AE8F0D-847A-4A7A-AD92-9A07EA1237D1}.Release|Any CPU.ActiveCfg = Release|Any CPU
		{83AE8F0D-847A-4A7A-AD92-9A07EA1237D1}.Release|Any CPU.Build.0 = Release|Any CPU
		{BC1AF3CD-3417-4614-91A0-5FF165B27272}.Debug|Any CPU.ActiveCfg = Debug|Any CPU
		{BC1AF3CD-3417-4614-91A0-5FF165B27272}.Debug|Any CPU.Build.0 = Debug|Any CPU
		{BC1AF3CD-3417-4614-91A0-5FF165B27272}.Release|Any CPU.ActiveCfg = Release|Any CPU
		{BC1AF3CD-3417-4614-91A0-5FF165B27272}.Release|Any CPU.Build.0 = Release|Any CPU
	EndGlobalSection
EndGlobal
