
Microsoft Visual Studio Solution File, Format Version 12.00
Project("{F2A71F9B-5D33-465A-A702-920D77279786}") = "Common", "Common\Common.fsproj", "{22EB67F4-C6FA-4A91-92F1-AF865D25826F}"
EndProject
Project("{F2A71F9B-5D33-465A-A702-920D77279786}") = "Problem1", "Problem1\Problem1.fsproj", "{4BE75AEE-5399-481A-8F5E-60519F109F3C}"
EndProject
Project("{F2A71F9B-5D33-465A-A702-920D77279786}") = "Problem2", "Problem2\Problem2.fsproj", "{2CFA538E-A0A1-40D7-963B-6055B5DF7557}"
EndProject
Project("{F2A71F9B-5D33-465A-A702-920D77279786}") = "Problem3", "Problem3\Problem3.fsproj", "{E0926C54-8121-47C3-9D7B-293692132F93}"
EndProject
Project("{F2A71F9B-5D33-465A-A702-920D77279786}") = "Problem4", "Problem4\Problem4.fsproj", "{4AEDBDE4-7CFA-4639-BFBD-C4501E4D8D95}"
EndProject
Project("{F2A71F9B-5D33-465A-A702-920D77279786}") = "Problem5", "Problem5\Problem5.fsproj", "{8800225A-5C99-45EA-890C-415112F196D4}"
EndProject
Project("{F2A71F9B-5D33-465A-A702-920D77279786}") = "Problem6", "Problem6\Problem6.fsproj", "{531D0AF3-445E-4D58-8165-CB3CCD0DC6C4}"
EndProject
Project("{F2A71F9B-5D33-465A-A702-920D77279786}") = "Problem7", "Problem7\Problem7.fsproj", "{121C7D7C-99BF-438F-9214-C3035A1A600E}"
EndProject
Project("{F2A71F9B-5D33-465A-A702-920D77279786}") = "Problem8", "Problem8\Problem8.fsproj", "{A78DD4B6-174E-445A-9366-76097241D1D5}"
EndProject
Project("{F2A71F9B-5D33-465A-A702-920D77279786}") = "Problem9", "Problem9\Problem9.fsproj", "{2443B388-B6BF-420E-BFB0-1382A4EE4ECF}"
EndProject
Project("{F2A71F9B-5D33-465A-A702-920D77279786}") = "Problem10", "Problem10\Problem10.fsproj", "{FA9CF697-9E6A-40A0-8A1E-BF25C4CC89CB}"
EndProject
Project("{F2A71F9B-5D33-465A-A702-920D77279786}") = "Problem11", "Problem11\Problem11.fsproj", "{B5BD2238-0DDD-4AEF-A2D1-408778133F25}"
EndProject
Project("{F2A71F9B-5D33-465A-A702-920D77279786}") = "Problem12", "Problem12\Problem12.fsproj", "{CD7ECCC3-7966-4B39-B8A4-4E28538EFB10}"
EndProject
Project("{F2A71F9B-5D33-465A-A702-920D77279786}") = "Problem13", "Problem13\Problem13.fsproj", "{4BCFCDFE-F958-4352-B4E4-751332388EE6}"
EndProject
Project("{F2A71F9B-5D33-465A-A702-920D77279786}") = "Problem14", "Problem14\Problem14.fsproj", "{B7B9E415-1B5D-4A43-AA01-F3A883F43BDA}"
EndProject
Global
	GlobalSection(SolutionConfigurationPlatforms) = preSolution
		Debug|Any CPU = Debug|Any CPU
		Release|Any CPU = Release|Any CPU
	EndGlobalSection
	GlobalSection(ProjectConfigurationPlatforms) = postSolution
		{22EB67F4-C6FA-4A91-92F1-AF865D25826F}.Debug|Any CPU.ActiveCfg = Debug|Any CPU
		{22EB67F4-C6FA-4A91-92F1-AF865D25826F}.Debug|Any CPU.Build.0 = Debug|Any CPU
		{22EB67F4-C6FA-4A91-92F1-AF865D25826F}.Release|Any CPU.ActiveCfg = Release|Any CPU
		{22EB67F4-C6FA-4A91-92F1-AF865D25826F}.Release|Any CPU.Build.0 = Release|Any CPU
		{4BE75AEE-5399-481A-8F5E-60519F109F3C}.Debug|Any CPU.ActiveCfg = Debug|Any CPU
		{4BE75AEE-5399-481A-8F5E-60519F109F3C}.Debug|Any CPU.Build.0 = Debug|Any CPU
		{4BE75AEE-5399-481A-8F5E-60519F109F3C}.Release|Any CPU.ActiveCfg = Release|Any CPU
		{4BE75AEE-5399-481A-8F5E-60519F109F3C}.Release|Any CPU.Build.0 = Release|Any CPU
		{2CFA538E-A0A1-40D7-963B-6055B5DF7557}.Debug|Any CPU.ActiveCfg = Debug|Any CPU
		{2CFA538E-A0A1-40D7-963B-6055B5DF7557}.Debug|Any CPU.Build.0 = Debug|Any CPU
		{2CFA538E-A0A1-40D7-963B-6055B5DF7557}.Release|Any CPU.ActiveCfg = Release|Any CPU
		{2CFA538E-A0A1-40D7-963B-6055B5DF7557}.Release|Any CPU.Build.0 = Release|Any CPU
		{E0926C54-8121-47C3-9D7B-293692132F93}.Debug|Any CPU.ActiveCfg = Debug|Any CPU
		{E0926C54-8121-47C3-9D7B-293692132F93}.Debug|Any CPU.Build.0 = Debug|Any CPU
		{E0926C54-8121-47C3-9D7B-293692132F93}.Release|Any CPU.ActiveCfg = Release|Any CPU
		{E0926C54-8121-47C3-9D7B-293692132F93}.Release|Any CPU.Build.0 = Release|Any CPU
		{4AEDBDE4-7CFA-4639-BFBD-C4501E4D8D95}.Debug|Any CPU.ActiveCfg = Debug|Any CPU
		{4AEDBDE4-7CFA-4639-BFBD-C4501E4D8D95}.Debug|Any CPU.Build.0 = Debug|Any CPU
		{4AEDBDE4-7CFA-4639-BFBD-C4501E4D8D95}.Release|Any CPU.ActiveCfg = Release|Any CPU
		{4AEDBDE4-7CFA-4639-BFBD-C4501E4D8D95}.Release|Any CPU.Build.0 = Release|Any CPU
		{8800225A-5C99-45EA-890C-415112F196D4}.Debug|Any CPU.ActiveCfg = Debug|Any CPU
		{8800225A-5C99-45EA-890C-415112F196D4}.Debug|Any CPU.Build.0 = Debug|Any CPU
		{8800225A-5C99-45EA-890C-415112F196D4}.Release|Any CPU.ActiveCfg = Release|Any CPU
		{8800225A-5C99-45EA-890C-415112F196D4}.Release|Any CPU.Build.0 = Release|Any CPU
		{531D0AF3-445E-4D58-8165-CB3CCD0DC6C4}.Debug|Any CPU.ActiveCfg = Debug|Any CPU
		{531D0AF3-445E-4D58-8165-CB3CCD0DC6C4}.Debug|Any CPU.Build.0 = Debug|Any CPU
		{531D0AF3-445E-4D58-8165-CB3CCD0DC6C4}.Release|Any CPU.ActiveCfg = Release|Any CPU
		{531D0AF3-445E-4D58-8165-CB3CCD0DC6C4}.Release|Any CPU.Build.0 = Release|Any CPU
		{121C7D7C-99BF-438F-9214-C3035A1A600E}.Debug|Any CPU.ActiveCfg = Debug|Any CPU
		{121C7D7C-99BF-438F-9214-C3035A1A600E}.Debug|Any CPU.Build.0 = Debug|Any CPU
		{121C7D7C-99BF-438F-9214-C3035A1A600E}.Release|Any CPU.ActiveCfg = Release|Any CPU
		{121C7D7C-99BF-438F-9214-C3035A1A600E}.Release|Any CPU.Build.0 = Release|Any CPU
		{A78DD4B6-174E-445A-9366-76097241D1D5}.Debug|Any CPU.ActiveCfg = Debug|Any CPU
		{A78DD4B6-174E-445A-9366-76097241D1D5}.Debug|Any CPU.Build.0 = Debug|Any CPU
		{A78DD4B6-174E-445A-9366-76097241D1D5}.Release|Any CPU.ActiveCfg = Release|Any CPU
		{A78DD4B6-174E-445A-9366-76097241D1D5}.Release|Any CPU.Build.0 = Release|Any CPU
		{2443B388-B6BF-420E-BFB0-1382A4EE4ECF}.Debug|Any CPU.ActiveCfg = Debug|Any CPU
		{2443B388-B6BF-420E-BFB0-1382A4EE4ECF}.Debug|Any CPU.Build.0 = Debug|Any CPU
		{2443B388-B6BF-420E-BFB0-1382A4EE4ECF}.Release|Any CPU.ActiveCfg = Release|Any CPU
		{2443B388-B6BF-420E-BFB0-1382A4EE4ECF}.Release|Any CPU.Build.0 = Release|Any CPU
		{FA9CF697-9E6A-40A0-8A1E-BF25C4CC89CB}.Debug|Any CPU.ActiveCfg = Debug|Any CPU
		{FA9CF697-9E6A-40A0-8A1E-BF25C4CC89CB}.Debug|Any CPU.Build.0 = Debug|Any CPU
		{FA9CF697-9E6A-40A0-8A1E-BF25C4CC89CB}.Release|Any CPU.ActiveCfg = Release|Any CPU
		{FA9CF697-9E6A-40A0-8A1E-BF25C4CC89CB}.Release|Any CPU.Build.0 = Release|Any CPU
		{B5BD2238-0DDD-4AEF-A2D1-408778133F25}.Debug|Any CPU.ActiveCfg = Debug|Any CPU
		{B5BD2238-0DDD-4AEF-A2D1-408778133F25}.Debug|Any CPU.Build.0 = Debug|Any CPU
		{B5BD2238-0DDD-4AEF-A2D1-408778133F25}.Release|Any CPU.ActiveCfg = Release|Any CPU
		{B5BD2238-0DDD-4AEF-A2D1-408778133F25}.Release|Any CPU.Build.0 = Release|Any CPU
		{CD7ECCC3-7966-4B39-B8A4-4E28538EFB10}.Debug|Any CPU.ActiveCfg = Debug|Any CPU
		{CD7ECCC3-7966-4B39-B8A4-4E28538EFB10}.Debug|Any CPU.Build.0 = Debug|Any CPU
		{CD7ECCC3-7966-4B39-B8A4-4E28538EFB10}.Release|Any CPU.ActiveCfg = Release|Any CPU
		{CD7ECCC3-7966-4B39-B8A4-4E28538EFB10}.Release|Any CPU.Build.0 = Release|Any CPU
		{4BCFCDFE-F958-4352-B4E4-751332388EE6}.Debug|Any CPU.ActiveCfg = Debug|Any CPU
		{4BCFCDFE-F958-4352-B4E4-751332388EE6}.Debug|Any CPU.Build.0 = Debug|Any CPU
		{4BCFCDFE-F958-4352-B4E4-751332388EE6}.Release|Any CPU.ActiveCfg = Release|Any CPU
		{4BCFCDFE-F958-4352-B4E4-751332388EE6}.Release|Any CPU.Build.0 = Release|Any CPU
		{B7B9E415-1B5D-4A43-AA01-F3A883F43BDA}.Debug|Any CPU.ActiveCfg = Debug|Any CPU
		{B7B9E415-1B5D-4A43-AA01-F3A883F43BDA}.Debug|Any CPU.Build.0 = Debug|Any CPU
		{B7B9E415-1B5D-4A43-AA01-F3A883F43BDA}.Release|Any CPU.ActiveCfg = Release|Any CPU
		{B7B9E415-1B5D-4A43-AA01-F3A883F43BDA}.Release|Any CPU.Build.0 = Release|Any CPU
	EndGlobalSection
EndGlobal
